
Microsoft Visual Studio Solution File, Format Version 12.00
# Visual Studio Version 17
VisualStudioVersion = 17.14.36310.24 d17.14
MinimumVisualStudioVersion = 10.0.40219.1
Project("{FAE04EC0-301F-11D3-BF4B-00C04F79EFBC}") = "Builder", "Builder\Builder.csproj", "{F3698736-5B2F-4A2A-8D5E-445786B82FF2}"
EndProject
Project("{FAE04EC0-301F-11D3-BF4B-00C04F79EFBC}") = "RealWorldExampleVehicleBuilder", "RealWorldExampleVehicleBuilder\RealWorldExampleVehicleBuilder.csproj", "{48037EFD-C86F-4D7F-B40E-B2542BA52764}"
EndProject
Global
	GlobalSection(SolutionConfigurationPlatforms) = preSolution
		Debug|Any CPU = Debug|Any CPU
		Release|Any CPU = Release|Any CPU
	EndGlobalSection
	GlobalSection(ProjectConfigurationPlatforms) = postSolution
		{F3698736-5B2F-4A2A-8D5E-445786B82FF2}.Debug|Any CPU.ActiveCfg = Debug|Any CPU
		{F3698736-5B2F-4A2A-8D5E-445786B82FF2}.Debug|Any CPU.Build.0 = Debug|Any CPU
		{F3698736-5B2F-4A2A-8D5E-445786B82FF2}.Release|Any CPU.ActiveCfg = Release|Any CPU
		{F3698736-5B2F-4A2A-8D5E-445786B82FF2}.Release|Any CPU.Build.0 = Release|Any CPU
		{48037EFD-C86F-4D7F-B40E-B2542BA52764}.Debug|Any CPU.ActiveCfg = Debug|Any CPU
		{48037EFD-C86F-4D7F-B40E-B2542BA52764}.Debug|Any CPU.Build.0 = Debug|Any CPU
		{48037EFD-C86F-4D7F-B40E-B2542BA52764}.Release|Any CPU.ActiveCfg = Release|Any CPU
		{48037EFD-C86F-4D7F-B40E-B2542BA52764}.Release|Any CPU.Build.0 = Release|Any CPU
	EndGlobalSection
	GlobalSection(SolutionProperties) = preSolution
		HideSolutionNode = FALSE
	EndGlobalSection
	GlobalSection(ExtensibilityGlobals) = postSolution
		SolutionGuid = {AB0354F7-6FA4-4AB5-9487-3EBF35DA7C44}
	EndGlobalSection
EndGlobal
