
Microsoft Visual Studio Solution File, Format Version 12.00
# Visual Studio Version 17
VisualStudioVersion = 17.12.35707.178
MinimumVisualStudioVersion = 10.0.40219.1
Project("{FAE04EC0-301F-11D3-BF4B-00C04F79EFBC}") = "Factory Method", "Factory Method\Factory Method.csproj", "{BE3CA4FB-8C43-4A62-8837-709DB699B217}"
EndProject
Project("{FAE04EC0-301F-11D3-BF4B-00C04F79EFBC}") = "RealWorldExampleDocumentFactory", "RealWorldExampleDocumentFactory\RealWorldExampleDocumentFactory.csproj", "{7257695A-3F57-4EC4-9339-088A6CE536CA}"
EndProject
Global
	GlobalSection(SolutionConfigurationPlatforms) = preSolution
		Debug|Any CPU = Debug|Any CPU
		Release|Any CPU = Release|Any CPU
	EndGlobalSection
	GlobalSection(ProjectConfigurationPlatforms) = postSolution
		{BE3CA4FB-8C43-4A62-8837-709DB699B217}.Debug|Any CPU.ActiveCfg = Debug|Any CPU
		{BE3CA4FB-8C43-4A62-8837-709DB699B217}.Debug|Any CPU.Build.0 = Debug|Any CPU
		{BE3CA4FB-8C43-4A62-8837-709DB699B217}.Release|Any CPU.ActiveCfg = Release|Any CPU
		{BE3CA4FB-8C43-4A62-8837-709DB699B217}.Release|Any CPU.Build.0 = Release|Any CPU
		{7257695A-3F57-4EC4-9339-088A6CE536CA}.Debug|Any CPU.ActiveCfg = Debug|Any CPU
		{7257695A-3F57-4EC4-9339-088A6CE536CA}.Debug|Any CPU.Build.0 = Debug|Any CPU
		{7257695A-3F57-4EC4-9339-088A6CE536CA}.Release|Any CPU.ActiveCfg = Release|Any CPU
		{7257695A-3F57-4EC4-9339-088A6CE536CA}.Release|Any CPU.Build.0 = Release|Any CPU
	EndGlobalSection
	GlobalSection(SolutionProperties) = preSolution
		HideSolutionNode = FALSE
	EndGlobalSection
	GlobalSection(ExtensibilityGlobals) = postSolution
		SolutionGuid = {ED8BBC14-25C0-4793-B6BA-7056BB0C490E}
	EndGlobalSection
EndGlobal
