
Microsoft Visual Studio Solution File, Format Version 12.00
# Visual Studio Version 17
VisualStudioVersion = 17.14.36310.24 d17.14
MinimumVisualStudioVersion = 10.0.40219.1
Project("{FAE04EC0-301F-11D3-BF4B-00C04F79EFBC}") = "Prototype", "Prototype\Prototype.csproj", "{956E147A-AB29-491D-9097-B51A51E293B9}"
EndProject
Project("{FAE04EC0-301F-11D3-BF4B-00C04F79EFBC}") = "RealWorldExampleGraphicDesign", "RealWorldExampleGraphicDesign\RealWorldExampleGraphicDesign.csproj", "{837013A1-346A-45B2-909E-F418018F208B}"
EndProject
Global
	GlobalSection(SolutionConfigurationPlatforms) = preSolution
		Debug|Any CPU = Debug|Any CPU
		Release|Any CPU = Release|Any CPU
	EndGlobalSection
	GlobalSection(ProjectConfigurationPlatforms) = postSolution
		{956E147A-AB29-491D-9097-B51A51E293B9}.Debug|Any CPU.ActiveCfg = Debug|Any CPU
		{956E147A-AB29-491D-9097-B51A51E293B9}.Debug|Any CPU.Build.0 = Debug|Any CPU
		{956E147A-AB29-491D-9097-B51A51E293B9}.Release|Any CPU.ActiveCfg = Release|Any CPU
		{956E147A-AB29-491D-9097-B51A51E293B9}.Release|Any CPU.Build.0 = Release|Any CPU
		{837013A1-346A-45B2-909E-F418018F208B}.Debug|Any CPU.ActiveCfg = Debug|Any CPU
		{837013A1-346A-45B2-909E-F418018F208B}.Debug|Any CPU.Build.0 = Debug|Any CPU
		{837013A1-346A-45B2-909E-F418018F208B}.Release|Any CPU.ActiveCfg = Release|Any CPU
		{837013A1-346A-45B2-909E-F418018F208B}.Release|Any CPU.Build.0 = Release|Any CPU
	EndGlobalSection
	GlobalSection(SolutionProperties) = preSolution
		HideSolutionNode = FALSE
	EndGlobalSection
	GlobalSection(ExtensibilityGlobals) = postSolution
		SolutionGuid = {EE9425B5-BA5F-4570-863B-7CB972A781E9}
	EndGlobalSection
EndGlobal
